
Microsoft Visual Studio Solution File, Format Version 12.00
# Visual Studio Version 16
VisualStudioVersion = 16.0.29728.190
MinimumVisualStudioVersion = 10.0.40219.1
Project("{FAE04EC0-301F-11D3-BF4B-00C04F79EFBC}") = "HeapPack.Core.CBR", "HeapPack.Core.CBR\HeapPack.Core.CBR.csproj", "{6E9B6108-7A8A-4A60-9050-8C539614E86E}"
EndProject
Project("{9A19103F-16F7-4668-BE54-9A1E7A4F7556}") = "HeapPack.Core.CBR.Test", "HeapPack.Core.CBR.Test\HeapPack.Core.CBR.Test.csproj", "{83713EFF-4EE9-4892-A39B-EF57C092FBAD}"
EndProject
Global
	GlobalSection(SolutionConfigurationPlatforms) = preSolution
		Debug|Any CPU = Debug|Any CPU
		Release|Any CPU = Release|Any CPU
	EndGlobalSection
	GlobalSection(ProjectConfigurationPlatforms) = postSolution
		{6E9B6108-7A8A-4A60-9050-8C539614E86E}.Debug|Any CPU.ActiveCfg = Debug|Any CPU
		{6E9B6108-7A8A-4A60-9050-8C539614E86E}.Debug|Any CPU.Build.0 = Debug|Any CPU
		{6E9B6108-7A8A-4A60-9050-8C539614E86E}.Release|Any CPU.ActiveCfg = Release|Any CPU
		{6E9B6108-7A8A-4A60-9050-8C539614E86E}.Release|Any CPU.Build.0 = Release|Any CPU
		{83713EFF-4EE9-4892-A39B-EF57C092FBAD}.Debug|Any CPU.ActiveCfg = Debug|Any CPU
		{83713EFF-4EE9-4892-A39B-EF57C092FBAD}.Debug|Any CPU.Build.0 = Debug|Any CPU
		{83713EFF-4EE9-4892-A39B-EF57C092FBAD}.Release|Any CPU.ActiveCfg = Release|Any CPU
		{83713EFF-4EE9-4892-A39B-EF57C092FBAD}.Release|Any CPU.Build.0 = Release|Any CPU
	EndGlobalSection
	GlobalSection(SolutionProperties) = preSolution
		HideSolutionNode = FALSE
	EndGlobalSection
	GlobalSection(ExtensibilityGlobals) = postSolution
		SolutionGuid = {D835D73B-31CB-48EA-8A6C-99C919D8C85F}
	EndGlobalSection
EndGlobal
