
Microsoft Visual Studio Solution File, Format Version 12.00
# Visual Studio Version 16
VisualStudioVersion = 16.0.29728.190
MinimumVisualStudioVersion = 10.0.40219.1
Project("{9A19103F-16F7-4668-BE54-9A1E7A4F7556}") = "HeapPack.Core.CBR.Test", "..\HeapPack.Core.CBR.Test\HeapPack.Core.CBR.Test.csproj", "{BED50560-A74F-48D2-BB19-7F3880A3D4B6}"
EndProject
Project("{9A19103F-16F7-4668-BE54-9A1E7A4F7556}") = "HeapPack.Core.CBR", "HeapStack.Core.CBR\HeapPack.Core.CBR.csproj", "{8EF6AF97-B120-49BC-8BFF-E194B2B1AD26}"
EndProject
Global
	GlobalSection(SolutionConfigurationPlatforms) = preSolution
		Debug|Any CPU = Debug|Any CPU
		Release|Any CPU = Release|Any CPU
	EndGlobalSection
	GlobalSection(ProjectConfigurationPlatforms) = postSolution
		{BED50560-A74F-48D2-BB19-7F3880A3D4B6}.Debug|Any CPU.ActiveCfg = Debug|Any CPU
		{BED50560-A74F-48D2-BB19-7F3880A3D4B6}.Debug|Any CPU.Build.0 = Debug|Any CPU
		{BED50560-A74F-48D2-BB19-7F3880A3D4B6}.Release|Any CPU.ActiveCfg = Release|Any CPU
		{BED50560-A74F-48D2-BB19-7F3880A3D4B6}.Release|Any CPU.Build.0 = Release|Any CPU
		{8EF6AF97-B120-49BC-8BFF-E194B2B1AD26}.Debug|Any CPU.ActiveCfg = Debug|Any CPU
		{8EF6AF97-B120-49BC-8BFF-E194B2B1AD26}.Debug|Any CPU.Build.0 = Debug|Any CPU
		{8EF6AF97-B120-49BC-8BFF-E194B2B1AD26}.Release|Any CPU.ActiveCfg = Release|Any CPU
		{8EF6AF97-B120-49BC-8BFF-E194B2B1AD26}.Release|Any CPU.Build.0 = Release|Any CPU
	EndGlobalSection
	GlobalSection(SolutionProperties) = preSolution
		HideSolutionNode = FALSE
	EndGlobalSection
	GlobalSection(ExtensibilityGlobals) = postSolution
		SolutionGuid = {E0A31351-B1C3-44A9-B7AB-00A46CAEB024}
	EndGlobalSection
EndGlobal
